
Microsoft Visual Studio Solution File, Format Version 12.00
Project("{FAE04EC0-301F-11D3-BF4B-00C04F79EFBC}") = "DistantLands", "..\..\Documents\School\IT\Major Project\Code\DistantLands\DistantLands.csproj", "{52CE9D33-5349-417A-A099-1AC0AABA7E9B}"
EndProject
Project("{FAE04EC0-301F-11D3-BF4B-00C04F79EFBC}") = "Game", "Game\Game.csproj", "{A3040C93-83B5-4F8E-8FDC-9E75F229D104}"
EndProject
Global
	GlobalSection(SolutionConfigurationPlatforms) = preSolution
		Debug|Any CPU = Debug|Any CPU
		Release|Any CPU = Release|Any CPU
	EndGlobalSection
	GlobalSection(ProjectConfigurationPlatforms) = postSolution
		{52CE9D33-5349-417A-A099-1AC0AABA7E9B}.Debug|Any CPU.ActiveCfg = Debug|Any CPU
		{52CE9D33-5349-417A-A099-1AC0AABA7E9B}.Debug|Any CPU.Build.0 = Debug|Any CPU
		{52CE9D33-5349-417A-A099-1AC0AABA7E9B}.Release|Any CPU.ActiveCfg = Release|Any CPU
		{52CE9D33-5349-417A-A099-1AC0AABA7E9B}.Release|Any CPU.Build.0 = Release|Any CPU
		{A3040C93-83B5-4F8E-8FDC-9E75F229D104}.Debug|Any CPU.ActiveCfg = Debug|Any CPU
		{A3040C93-83B5-4F8E-8FDC-9E75F229D104}.Debug|Any CPU.Build.0 = Debug|Any CPU
		{A3040C93-83B5-4F8E-8FDC-9E75F229D104}.Release|Any CPU.ActiveCfg = Release|Any CPU
		{A3040C93-83B5-4F8E-8FDC-9E75F229D104}.Release|Any CPU.Build.0 = Release|Any CPU
	EndGlobalSection
EndGlobal
